
Microsoft Visual Studio Solution File, Format Version 12.00
# Visual Studio Version 17
VisualStudioVersion = 17.3.32929.385
MinimumVisualStudioVersion = 10.0.40219.1
Project("{9A19103F-16F7-4668-BE54-9A1E7A4F7556}") = "WebApi", "WebApi\WebApi.csproj", "{CF1F52A0-8484-4FA7-8D9C-74BB78FE6FB6}"
EndProject
Project("{9A19103F-16F7-4668-BE54-9A1E7A4F7556}") = "TestDeveloperAPI", "TestDeveloperAPI\TestDeveloperAPI.csproj", "{EACEE2A5-E52F-4498-94FB-909C1813D601}"
EndProject
Project("{9A19103F-16F7-4668-BE54-9A1E7A4F7556}") = "ClientApp", "ClientApp\ClientApp.csproj", "{53E26526-032C-4EC9-B117-0E6A963AA9EB}"
EndProject
Project("{9A19103F-16F7-4668-BE54-9A1E7A4F7556}") = "WebMVC", "WebMVC\WebMVC.csproj", "{3FC8398B-AC8D-4A00-B1CA-7B26B3F3D034}"
EndProject
Global
	GlobalSection(SolutionConfigurationPlatforms) = preSolution
		Debug|Any CPU = Debug|Any CPU
		Release|Any CPU = Release|Any CPU
	EndGlobalSection
	GlobalSection(ProjectConfigurationPlatforms) = postSolution
		{CF1F52A0-8484-4FA7-8D9C-74BB78FE6FB6}.Debug|Any CPU.ActiveCfg = Debug|Any CPU
		{CF1F52A0-8484-4FA7-8D9C-74BB78FE6FB6}.Debug|Any CPU.Build.0 = Debug|Any CPU
		{CF1F52A0-8484-4FA7-8D9C-74BB78FE6FB6}.Release|Any CPU.ActiveCfg = Release|Any CPU
		{CF1F52A0-8484-4FA7-8D9C-74BB78FE6FB6}.Release|Any CPU.Build.0 = Release|Any CPU
		{EACEE2A5-E52F-4498-94FB-909C1813D601}.Debug|Any CPU.ActiveCfg = Debug|Any CPU
		{EACEE2A5-E52F-4498-94FB-909C1813D601}.Debug|Any CPU.Build.0 = Debug|Any CPU
		{EACEE2A5-E52F-4498-94FB-909C1813D601}.Release|Any CPU.ActiveCfg = Release|Any CPU
		{EACEE2A5-E52F-4498-94FB-909C1813D601}.Release|Any CPU.Build.0 = Release|Any CPU
		{53E26526-032C-4EC9-B117-0E6A963AA9EB}.Debug|Any CPU.ActiveCfg = Debug|Any CPU
		{53E26526-032C-4EC9-B117-0E6A963AA9EB}.Debug|Any CPU.Build.0 = Debug|Any CPU
		{53E26526-032C-4EC9-B117-0E6A963AA9EB}.Release|Any CPU.ActiveCfg = Release|Any CPU
		{53E26526-032C-4EC9-B117-0E6A963AA9EB}.Release|Any CPU.Build.0 = Release|Any CPU
		{3FC8398B-AC8D-4A00-B1CA-7B26B3F3D034}.Debug|Any CPU.ActiveCfg = Debug|Any CPU
		{3FC8398B-AC8D-4A00-B1CA-7B26B3F3D034}.Debug|Any CPU.Build.0 = Debug|Any CPU
		{3FC8398B-AC8D-4A00-B1CA-7B26B3F3D034}.Release|Any CPU.ActiveCfg = Release|Any CPU
		{3FC8398B-AC8D-4A00-B1CA-7B26B3F3D034}.Release|Any CPU.Build.0 = Release|Any CPU
	EndGlobalSection
	GlobalSection(SolutionProperties) = preSolution
		HideSolutionNode = FALSE
	EndGlobalSection
	GlobalSection(ExtensibilityGlobals) = postSolution
		SolutionGuid = {B1B360D9-6065-42E3-BB4A-B46C539A3B2B}
	EndGlobalSection
EndGlobal
